
Microsoft Visual Studio Solution File, Format Version 12.00
# Visual Studio Version 17
VisualStudioVersion = 17.2.32526.322
MinimumVisualStudioVersion = 10.0.40219.1
Project("{FAE04EC0-301F-11D3-BF4B-00C04F79EFBC}") = "Heroku3", "Heroku3.csproj", "{F4E63E10-0C2F-4D89-9B30-0DA83C1FE7D6}"
EndProject
Global
	GlobalSection(SolutionConfigurationPlatforms) = preSolution
		Debug|Any CPU = Debug|Any CPU
		Release|Any CPU = Release|Any CPU
	EndGlobalSection
	GlobalSection(ProjectConfigurationPlatforms) = postSolution
		{F4E63E10-0C2F-4D89-9B30-0DA83C1FE7D6}.Debug|Any CPU.ActiveCfg = Debug|Any CPU
		{F4E63E10-0C2F-4D89-9B30-0DA83C1FE7D6}.Debug|Any CPU.Build.0 = Debug|Any CPU
		{F4E63E10-0C2F-4D89-9B30-0DA83C1FE7D6}.Release|Any CPU.ActiveCfg = Release|Any CPU
		{F4E63E10-0C2F-4D89-9B30-0DA83C1FE7D6}.Release|Any CPU.Build.0 = Release|Any CPU
	EndGlobalSection
	GlobalSection(SolutionProperties) = preSolution
		HideSolutionNode = FALSE
	EndGlobalSection
	GlobalSection(ExtensibilityGlobals) = postSolution
		SolutionGuid = {6A8D7B1D-25E7-4B85-B041-1194F03A07E5}
	EndGlobalSection
EndGlobal
